
Microsoft Visual Studio Solution File, Format Version 12.00
# Visual Studio Version 16
VisualStudioVersion = 16.0.30011.22
MinimumVisualStudioVersion = 10.0.40219.1
Project("{FAE04EC0-301F-11D3-BF4B-00C04F79EFBC}") = "ChatApp.Android", "ChatApp.Android\ChatApp.Android.csproj", "{DCBDF383-D02B-41DF-BC0C-45F815D43293}"
EndProject
Project("{FAE04EC0-301F-11D3-BF4B-00C04F79EFBC}") = "ChatApp.Web", "ChatApp.Web\ChatApp.Web.csproj", "{F08BAC9B-0493-42E5-8C2D-0DA4F37E7FA8}"
EndProject
Project("{FAE04EC0-301F-11D3-BF4B-00C04F79EFBC}") = "ChatApp", "ChatApp\ChatApp.csproj", "{BF2F9C13-3829-4DA7-9BB3-4DE3DE3BB070}"
EndProject
Project("{FAE04EC0-301F-11D3-BF4B-00C04F79EFBC}") = "Core.Models", "..\Core.Models\Core.Models.csproj", "{383720B0-FE66-40D8-BBBD-23E963FE1A6F}"
EndProject
Global
	GlobalSection(SolutionConfigurationPlatforms) = preSolution
		Debug|Any CPU = Debug|Any CPU
		Release|Any CPU = Release|Any CPU
	EndGlobalSection
	GlobalSection(ProjectConfigurationPlatforms) = postSolution
		{DCBDF383-D02B-41DF-BC0C-45F815D43293}.Debug|Any CPU.ActiveCfg = Debug|Any CPU
		{DCBDF383-D02B-41DF-BC0C-45F815D43293}.Debug|Any CPU.Build.0 = Debug|Any CPU
		{DCBDF383-D02B-41DF-BC0C-45F815D43293}.Debug|Any CPU.Deploy.0 = Debug|Any CPU
		{DCBDF383-D02B-41DF-BC0C-45F815D43293}.Release|Any CPU.ActiveCfg = Release|Any CPU
		{DCBDF383-D02B-41DF-BC0C-45F815D43293}.Release|Any CPU.Build.0 = Release|Any CPU
		{DCBDF383-D02B-41DF-BC0C-45F815D43293}.Release|Any CPU.Deploy.0 = Release|Any CPU
		{F08BAC9B-0493-42E5-8C2D-0DA4F37E7FA8}.Debug|Any CPU.ActiveCfg = Debug|Any CPU
		{F08BAC9B-0493-42E5-8C2D-0DA4F37E7FA8}.Debug|Any CPU.Build.0 = Debug|Any CPU
		{F08BAC9B-0493-42E5-8C2D-0DA4F37E7FA8}.Debug|Any CPU.Deploy.0 = Debug|Any CPU
		{F08BAC9B-0493-42E5-8C2D-0DA4F37E7FA8}.Release|Any CPU.ActiveCfg = Release|Any CPU
		{F08BAC9B-0493-42E5-8C2D-0DA4F37E7FA8}.Release|Any CPU.Build.0 = Release|Any CPU
		{F08BAC9B-0493-42E5-8C2D-0DA4F37E7FA8}.Release|Any CPU.Deploy.0 = Release|Any CPU
		{BF2F9C13-3829-4DA7-9BB3-4DE3DE3BB070}.Debug|Any CPU.ActiveCfg = Debug|Any CPU
		{BF2F9C13-3829-4DA7-9BB3-4DE3DE3BB070}.Debug|Any CPU.Build.0 = Debug|Any CPU
		{BF2F9C13-3829-4DA7-9BB3-4DE3DE3BB070}.Debug|Any CPU.Deploy.0 = Debug|Any CPU
		{BF2F9C13-3829-4DA7-9BB3-4DE3DE3BB070}.Release|Any CPU.ActiveCfg = Release|Any CPU
		{BF2F9C13-3829-4DA7-9BB3-4DE3DE3BB070}.Release|Any CPU.Build.0 = Release|Any CPU
		{BF2F9C13-3829-4DA7-9BB3-4DE3DE3BB070}.Release|Any CPU.Deploy.0 = Release|Any CPU
		{383720B0-FE66-40D8-BBBD-23E963FE1A6F}.Debug|Any CPU.ActiveCfg = Debug|Any CPU
		{383720B0-FE66-40D8-BBBD-23E963FE1A6F}.Debug|Any CPU.Build.0 = Debug|Any CPU
		{383720B0-FE66-40D8-BBBD-23E963FE1A6F}.Release|Any CPU.ActiveCfg = Release|Any CPU
		{383720B0-FE66-40D8-BBBD-23E963FE1A6F}.Release|Any CPU.Build.0 = Release|Any CPU
	EndGlobalSection
	GlobalSection(SolutionProperties) = preSolution
		HideSolutionNode = FALSE
	EndGlobalSection
	GlobalSection(ExtensibilityGlobals) = postSolution
		SolutionGuid = {EBD263F7-61C3-4188-9636-DC3980C400AE}
	EndGlobalSection
EndGlobal
